
Microsoft Visual Studio Solution File, Format Version 12.00
# Visual Studio Version 17
VisualStudioVersion = 17.11.35327.3
MinimumVisualStudioVersion = 10.0.40219.1
Project("{FAE04EC0-301F-11D3-BF4B-00C04F79EFBC}") = "Punto_Venta", "Punto_Venta\Punto_Venta.csproj", "{FA431968-02D3-473D-9916-B6A8C4EA71D1}"
EndProject
Global
	GlobalSection(SolutionConfigurationPlatforms) = preSolution
		Debug|Any CPU = Debug|Any CPU
		Release|Any CPU = Release|Any CPU
	EndGlobalSection
	GlobalSection(ProjectConfigurationPlatforms) = postSolution
		{FA431968-02D3-473D-9916-B6A8C4EA71D1}.Debug|Any CPU.ActiveCfg = Debug|Any CPU
		{FA431968-02D3-473D-9916-B6A8C4EA71D1}.Debug|Any CPU.Build.0 = Debug|Any CPU
		{FA431968-02D3-473D-9916-B6A8C4EA71D1}.Release|Any CPU.ActiveCfg = Release|Any CPU
		{FA431968-02D3-473D-9916-B6A8C4EA71D1}.Release|Any CPU.Build.0 = Release|Any CPU
	EndGlobalSection
	GlobalSection(SolutionProperties) = preSolution
		HideSolutionNode = FALSE
	EndGlobalSection
	GlobalSection(ExtensibilityGlobals) = postSolution
		SolutionGuid = {CEF97D65-C0CA-472D-8EE6-674B20B683A5}
	EndGlobalSection
EndGlobal
